{
  "version": 4,
  "terraform_version": "1.4.2",
  "serial": 2828,
  "lineage": "889a9858-0264-f56d-7a4b-c3831ed7860c",
  "outputs": {},
  "resources": [
    {
      "mode": "data",
      "type": "azurerm_public_ip",
      "name": "pip",
      "provider": "provider[\"registry.terraform.io/hashicorp/azurerm\"]",
      "instances": [
        {
          "index_key": "firstVM",
          "schema_version": 0,
          "attributes": {
            "allocation_method": "Dynamic",
            "ddos_protection_mode": "VirtualNetworkInherited",
            "ddos_protection_plan_id": null,
            "domain_name_label": "",
            "fqdn": "",
            "id": "/subscriptions/3d6722b2-016f-4600-8522-f561889ae3ad/resourceGroups/PR-DEV-An/providers/Microsoft.Network/publicIPAddresses/firstVM-publicip",
            "idle_timeout_in_minutes": 4,
            "ip_address": "20.16.185.141",
            "ip_tags": {},
            "ip_version": "IPv4",
            "location": "westeurope",
            "name": "firstVM-publicip",
            "resource_group_name": "PR-DEV-An",
            "reverse_fqdn": "",
            "sku": "Basic",
            "tags": {},
            "timeouts": null,
            "zones": []
          },
          "sensitive_attributes": []
        },
        {
          "index_key": "secondVM",
          "schema_version": 0,
          "attributes": {
            "allocation_method": "Dynamic",
            "ddos_protection_mode": "VirtualNetworkInherited",
            "ddos_protection_plan_id": null,
            "domain_name_label": "",
            "fqdn": "",
            "id": "/subscriptions/3d6722b2-016f-4600-8522-f561889ae3ad/resourceGroups/PR-DEV-An/providers/Microsoft.Network/publicIPAddresses/secondVM-publicip",
            "idle_timeout_in_minutes": 4,
            "ip_address": "20.16.185.127",
            "ip_tags": {},
            "ip_version": "IPv4",
            "location": "westeurope",
            "name": "secondVM-publicip",
            "resource_group_name": "PR-DEV-An",
            "reverse_fqdn": "",
            "sku": "Basic",
            "tags": {},
            "timeouts": null,
            "zones": []
          },
          "sensitive_attributes": []
        }
      ]
    },
    {
      "mode": "data",
      "type": "azurerm_resource_group",
      "name": "rg",
      "provider": "provider[\"registry.terraform.io/hashicorp/azurerm\"]",
      "instances": [
        {
          "schema_version": 0,
          "attributes": {
            "id": "/subscriptions/3d6722b2-016f-4600-8522-f561889ae3ad/resourceGroups/PR-DEV-An",
            "location": "westeurope",
            "name": "PR-DEV-An",
            "tags": {},
            "timeouts": null
          },
          "sensitive_attributes": []
        }
      ]
    },
    {
      "mode": "data",
      "type": "azurerm_subnet",
      "name": "subnet",
      "provider": "provider[\"registry.terraform.io/hashicorp/azurerm\"]",
      "instances": [
        {
          "index_key": "firstVM",
          "schema_version": 0,
          "attributes": {
            "address_prefix": "10.9.0.0/24",
            "address_prefixes": [
              "10.9.0.0/24"
            ],
            "enforce_private_link_endpoint_network_policies": true,
            "enforce_private_link_service_network_policies": false,
            "id": "/subscriptions/3d6722b2-016f-4600-8522-f561889ae3ad/resourceGroups/PR-DEV-An/providers/Microsoft.Network/virtualNetworks/vnet-anigb/subnets/default",
            "name": "default",
            "network_security_group_id": "",
            "private_endpoint_network_policies_enabled": false,
            "private_link_service_network_policies_enabled": true,
            "resource_group_name": "PR-DEV-An",
            "route_table_id": "",
            "service_endpoints": [],
            "timeouts": null,
            "virtual_network_name": "vnet-anigb"
          },
          "sensitive_attributes": []
        },
        {
          "index_key": "secondVM",
          "schema_version": 0,
          "attributes": {
            "address_prefix": "10.9.0.0/24",
            "address_prefixes": [
              "10.9.0.0/24"
            ],
            "enforce_private_link_endpoint_network_policies": true,
            "enforce_private_link_service_network_policies": false,
            "id": "/subscriptions/3d6722b2-016f-4600-8522-f561889ae3ad/resourceGroups/PR-DEV-An/providers/Microsoft.Network/virtualNetworks/vnet-anigb/subnets/default",
            "name": "default",
            "network_security_group_id": "",
            "private_endpoint_network_policies_enabled": false,
            "private_link_service_network_policies_enabled": true,
            "resource_group_name": "PR-DEV-An",
            "route_table_id": "",
            "service_endpoints": [],
            "timeouts": null,
            "virtual_network_name": "vnet-anigb"
          },
          "sensitive_attributes": []
        }
      ]
    },
    {
      "mode": "data",
      "type": "azurerm_virtual_network",
      "name": "vnet",
      "provider": "provider[\"registry.terraform.io/hashicorp/azurerm\"]",
      "instances": [
        {
          "index_key": "firstVM",
          "schema_version": 0,
          "attributes": {
            "address_space": [
              "10.9.0.0/16"
            ],
            "dns_servers": null,
            "guid": "92ebdeb5-9893-4378-b494-021860f0fe9a",
            "id": "/subscriptions/3d6722b2-016f-4600-8522-f561889ae3ad/resourceGroups/PR-DEV-An/providers/Microsoft.Network/virtualNetworks/vnet-anigb",
            "location": "westeurope",
            "name": "vnet-anigb",
            "resource_group_name": "PR-DEV-An",
            "subnets": [
              "default"
            ],
            "tags": {},
            "timeouts": null,
            "vnet_peerings": {},
            "vnet_peerings_addresses": []
          },
          "sensitive_attributes": []
        },
        {
          "index_key": "secondVM",
          "schema_version": 0,
          "attributes": {
            "address_space": [
              "10.9.0.0/16"
            ],
            "dns_servers": null,
            "guid": "92ebdeb5-9893-4378-b494-021860f0fe9a",
            "id": "/subscriptions/3d6722b2-016f-4600-8522-f561889ae3ad/resourceGroups/PR-DEV-An/providers/Microsoft.Network/virtualNetworks/vnet-anigb",
            "location": "westeurope",
            "name": "vnet-anigb",
            "resource_group_name": "PR-DEV-An",
            "subnets": [
              "default"
            ],
            "tags": {},
            "timeouts": null,
            "vnet_peerings": {},
            "vnet_peerings_addresses": []
          },
          "sensitive_attributes": []
        }
      ]
    },
    {
      "mode": "managed",
      "type": "azurerm_managed_disk",
      "name": "data_disk",
      "provider": "provider[\"registry.terraform.io/hashicorp/azurerm\"]",
      "instances": [
        {
          "index_key": "vm1_datadisk",
          "schema_version": 1,
          "attributes": {
            "create_option": "Empty",
            "disk_access_id": "",
            "disk_encryption_set_id": "",
            "disk_iops_read_only": 0,
            "disk_iops_read_write": 500,
            "disk_mbps_read_only": 0,
            "disk_mbps_read_write": 60,
            "disk_size_gb": 128,
            "edge_zone": "",
            "encryption_settings": [],
            "gallery_image_reference_id": "",
            "hyper_v_generation": "",
            "id": "/subscriptions/3d6722b2-016f-4600-8522-f561889ae3ad/resourceGroups/PR-DEV-An/providers/Microsoft.Compute/disks/vm1_datadisk_data_disk0",
            "image_reference_id": "",
            "location": "westeurope",
            "logical_sector_size": null,
            "max_shares": 0,
            "name": "vm1_datadisk_data_disk0",
            "network_access_policy": null,
            "on_demand_bursting_enabled": false,
            "os_type": "",
            "public_network_access_enabled": true,
            "resource_group_name": "PR-DEV-An",
            "secure_vm_disk_encryption_set_id": "",
            "security_type": "",
            "source_resource_id": "",
            "source_uri": "",
            "storage_account_id": "",
            "storage_account_type": "Standard_LRS",
            "tags": null,
            "tier": "",
            "timeouts": null,
            "trusted_launch_enabled": false,
            "upload_size_bytes": 0,
            "zone": ""
          },
          "sensitive_attributes": [],
          "private": "eyJlMmJmYjczMC1lY2FhLTExZTYtOGY4OC0zNDM2M2JjN2M0YzAiOnsiY3JlYXRlIjoxODAwMDAwMDAwMDAwLCJkZWxldGUiOjE4MDAwMDAwMDAwMDAsInJlYWQiOjMwMDAwMDAwMDAwMCwidXBkYXRlIjoxODAwMDAwMDAwMDAwfSwic2NoZW1hX3ZlcnNpb24iOiIxIn0=",
          "dependencies": [
            "data.azurerm_resource_group.rg"
          ]
        },
        {
          "index_key": "vm1_datadisk2",
          "schema_version": 1,
          "attributes": {
            "create_option": "Empty",
            "disk_access_id": "",
            "disk_encryption_set_id": "",
            "disk_iops_read_only": 0,
            "disk_iops_read_write": 500,
            "disk_mbps_read_only": 0,
            "disk_mbps_read_write": 60,
            "disk_size_gb": 128,
            "edge_zone": "",
            "encryption_settings": [],
            "gallery_image_reference_id": "",
            "hyper_v_generation": "",
            "id": "/subscriptions/3d6722b2-016f-4600-8522-f561889ae3ad/resourceGroups/PR-DEV-An/providers/Microsoft.Compute/disks/vm1_datadisk2_data_disk1",
            "image_reference_id": "",
            "location": "westeurope",
            "logical_sector_size": null,
            "max_shares": 0,
            "name": "vm1_datadisk2_data_disk1",
            "network_access_policy": null,
            "on_demand_bursting_enabled": false,
            "os_type": "",
            "public_network_access_enabled": true,
            "resource_group_name": "PR-DEV-An",
            "secure_vm_disk_encryption_set_id": "",
            "security_type": "",
            "source_resource_id": "",
            "source_uri": "",
            "storage_account_id": "",
            "storage_account_type": "Standard_LRS",
            "tags": null,
            "tier": "",
            "timeouts": null,
            "trusted_launch_enabled": false,
            "upload_size_bytes": 0,
            "zone": ""
          },
          "sensitive_attributes": [],
          "private": "eyJlMmJmYjczMC1lY2FhLTExZTYtOGY4OC0zNDM2M2JjN2M0YzAiOnsiY3JlYXRlIjoxODAwMDAwMDAwMDAwLCJkZWxldGUiOjE4MDAwMDAwMDAwMDAsInJlYWQiOjMwMDAwMDAwMDAwMCwidXBkYXRlIjoxODAwMDAwMDAwMDAwfSwic2NoZW1hX3ZlcnNpb24iOiIxIn0=",
          "dependencies": [
            "data.azurerm_resource_group.rg"
          ]
        },
        {
          "index_key": "vm2_datadisk",
          "schema_version": 1,
          "attributes": {
            "create_option": "Empty",
            "disk_access_id": "",
            "disk_encryption_set_id": "",
            "disk_iops_read_only": 0,
            "disk_iops_read_write": 500,
            "disk_mbps_read_only": 0,
            "disk_mbps_read_write": 60,
            "disk_size_gb": 128,
            "edge_zone": "",
            "encryption_settings": [],
            "gallery_image_reference_id": "",
            "hyper_v_generation": "",
            "id": "/subscriptions/3d6722b2-016f-4600-8522-f561889ae3ad/resourceGroups/PR-DEV-An/providers/Microsoft.Compute/disks/vm2_datadisk_data_disk0",
            "image_reference_id": "",
            "location": "westeurope",
            "logical_sector_size": null,
            "max_shares": 0,
            "name": "vm2_datadisk_data_disk0",
            "network_access_policy": null,
            "on_demand_bursting_enabled": false,
            "os_type": "",
            "public_network_access_enabled": true,
            "resource_group_name": "PR-DEV-An",
            "secure_vm_disk_encryption_set_id": "",
            "security_type": "",
            "source_resource_id": "",
            "source_uri": "",
            "storage_account_id": "",
            "storage_account_type": "Standard_LRS",
            "tags": null,
            "tier": "",
            "timeouts": null,
            "trusted_launch_enabled": false,
            "upload_size_bytes": 0,
            "zone": ""
          },
          "sensitive_attributes": [],
          "private": "eyJlMmJmYjczMC1lY2FhLTExZTYtOGY4OC0zNDM2M2JjN2M0YzAiOnsiY3JlYXRlIjoxODAwMDAwMDAwMDAwLCJkZWxldGUiOjE4MDAwMDAwMDAwMDAsInJlYWQiOjMwMDAwMDAwMDAwMCwidXBkYXRlIjoxODAwMDAwMDAwMDAwfSwic2NoZW1hX3ZlcnNpb24iOiIxIn0=",
          "dependencies": [
            "data.azurerm_resource_group.rg"
          ]
        }
      ]
    },
    {
      "mode": "managed",
      "type": "azurerm_network_interface",
      "name": "nic",
      "provider": "provider[\"registry.terraform.io/hashicorp/azurerm\"]",
      "instances": [
        {
          "index_key": "firstVM",
          "schema_version": 0,
          "attributes": {
            "applied_dns_servers": [],
            "dns_servers": [],
            "edge_zone": "",
            "enable_accelerated_networking": false,
            "enable_ip_forwarding": false,
            "id": "/subscriptions/3d6722b2-016f-4600-8522-f561889ae3ad/resourceGroups/PR-DEV-An/providers/Microsoft.Network/networkInterfaces/firstVM-nic",
            "internal_dns_name_label": "",
            "internal_domain_name_suffix": "wxpoxeuttb2ehneuaimgb2h4tc.ax.internal.cloudapp.net",
            "ip_configuration": [
              {
                "gateway_load_balancer_frontend_ip_configuration_id": "",
                "name": "firstVM-ipconfig",
                "primary": true,
                "private_ip_address": "10.9.0.4",
                "private_ip_address_allocation": "Dynamic",
                "private_ip_address_version": "IPv4",
                "public_ip_address_id": "/subscriptions/3d6722b2-016f-4600-8522-f561889ae3ad/resourceGroups/PR-DEV-An/providers/Microsoft.Network/publicIPAddresses/firstVM-publicip",
                "subnet_id": "/subscriptions/3d6722b2-016f-4600-8522-f561889ae3ad/resourceGroups/PR-DEV-An/providers/Microsoft.Network/virtualNetworks/vnet-anigb/subnets/default"
              }
            ],
            "location": "westeurope",
            "mac_address": "",
            "name": "firstVM-nic",
            "private_ip_address": "10.9.0.4",
            "private_ip_addresses": [
              "10.9.0.4"
            ],
            "resource_group_name": "PR-DEV-An",
            "tags": null,
            "timeouts": null,
            "virtual_machine_id": ""
          },
          "sensitive_attributes": [],
          "private": "eyJlMmJmYjczMC1lY2FhLTExZTYtOGY4OC0zNDM2M2JjN2M0YzAiOnsiY3JlYXRlIjoxODAwMDAwMDAwMDAwLCJkZWxldGUiOjE4MDAwMDAwMDAwMDAsInJlYWQiOjMwMDAwMDAwMDAwMCwidXBkYXRlIjoxODAwMDAwMDAwMDAwfX0=",
          "dependencies": [
            "azurerm_public_ip.pip",
            "data.azurerm_resource_group.rg",
            "data.azurerm_subnet.subnet"
          ]
        },
        {
          "index_key": "secondVM",
          "schema_version": 0,
          "attributes": {
            "applied_dns_servers": [],
            "dns_servers": [],
            "edge_zone": "",
            "enable_accelerated_networking": false,
            "enable_ip_forwarding": false,
            "id": "/subscriptions/3d6722b2-016f-4600-8522-f561889ae3ad/resourceGroups/PR-DEV-An/providers/Microsoft.Network/networkInterfaces/secondVM-nic",
            "internal_dns_name_label": "",
            "internal_domain_name_suffix": "wxpoxeuttb2ehneuaimgb2h4tc.ax.internal.cloudapp.net",
            "ip_configuration": [
              {
                "gateway_load_balancer_frontend_ip_configuration_id": "",
                "name": "secondVM-ipconfig",
                "primary": true,
                "private_ip_address": "10.9.0.5",
                "private_ip_address_allocation": "Dynamic",
                "private_ip_address_version": "IPv4",
                "public_ip_address_id": "/subscriptions/3d6722b2-016f-4600-8522-f561889ae3ad/resourceGroups/PR-DEV-An/providers/Microsoft.Network/publicIPAddresses/secondVM-publicip",
                "subnet_id": "/subscriptions/3d6722b2-016f-4600-8522-f561889ae3ad/resourceGroups/PR-DEV-An/providers/Microsoft.Network/virtualNetworks/vnet-anigb/subnets/default"
              }
            ],
            "location": "westeurope",
            "mac_address": "",
            "name": "secondVM-nic",
            "private_ip_address": "10.9.0.5",
            "private_ip_addresses": [
              "10.9.0.5"
            ],
            "resource_group_name": "PR-DEV-An",
            "tags": null,
            "timeouts": null,
            "virtual_machine_id": ""
          },
          "sensitive_attributes": [],
          "private": "eyJlMmJmYjczMC1lY2FhLTExZTYtOGY4OC0zNDM2M2JjN2M0YzAiOnsiY3JlYXRlIjoxODAwMDAwMDAwMDAwLCJkZWxldGUiOjE4MDAwMDAwMDAwMDAsInJlYWQiOjMwMDAwMDAwMDAwMCwidXBkYXRlIjoxODAwMDAwMDAwMDAwfX0=",
          "dependencies": [
            "azurerm_public_ip.pip",
            "data.azurerm_resource_group.rg",
            "data.azurerm_subnet.subnet"
          ]
        }
      ]
    },
    {
      "mode": "managed",
      "type": "azurerm_network_interface_security_group_association",
      "name": "sycor",
      "provider": "provider[\"registry.terraform.io/hashicorp/azurerm\"]",
      "instances": [
        {
          "index_key": "firstVM",
          "schema_version": 0,
          "attributes": {
            "id": "/subscriptions/3d6722b2-016f-4600-8522-f561889ae3ad/resourceGroups/PR-DEV-An/providers/Microsoft.Network/networkInterfaces/firstVM-nic|/subscriptions/3d6722b2-016f-4600-8522-f561889ae3ad/resourceGroups/PR-DEV-An/providers/Microsoft.Network/networkSecurityGroups/sycor",
            "network_interface_id": "/subscriptions/3d6722b2-016f-4600-8522-f561889ae3ad/resourceGroups/PR-DEV-An/providers/Microsoft.Network/networkInterfaces/firstVM-nic",
            "network_security_group_id": "/subscriptions/3d6722b2-016f-4600-8522-f561889ae3ad/resourceGroups/PR-DEV-An/providers/Microsoft.Network/networkSecurityGroups/sycor",
            "timeouts": null
          },
          "sensitive_attributes": [],
          "private": "eyJlMmJmYjczMC1lY2FhLTExZTYtOGY4OC0zNDM2M2JjN2M0YzAiOnsiY3JlYXRlIjoxODAwMDAwMDAwMDAwLCJkZWxldGUiOjE4MDAwMDAwMDAwMDAsInJlYWQiOjMwMDAwMDAwMDAwMCwidXBkYXRlIjoxODAwMDAwMDAwMDAwfX0=",
          "dependencies": [
            "azurerm_network_interface.nic",
            "azurerm_network_security_group.sycor",
            "azurerm_public_ip.pip",
            "data.azurerm_resource_group.rg",
            "data.azurerm_subnet.subnet"
          ]
        },
        {
          "index_key": "secondVM",
          "schema_version": 0,
          "attributes": {
            "id": "/subscriptions/3d6722b2-016f-4600-8522-f561889ae3ad/resourceGroups/PR-DEV-An/providers/Microsoft.Network/networkInterfaces/secondVM-nic|/subscriptions/3d6722b2-016f-4600-8522-f561889ae3ad/resourceGroups/PR-DEV-An/providers/Microsoft.Network/networkSecurityGroups/sycor",
            "network_interface_id": "/subscriptions/3d6722b2-016f-4600-8522-f561889ae3ad/resourceGroups/PR-DEV-An/providers/Microsoft.Network/networkInterfaces/secondVM-nic",
            "network_security_group_id": "/subscriptions/3d6722b2-016f-4600-8522-f561889ae3ad/resourceGroups/PR-DEV-An/providers/Microsoft.Network/networkSecurityGroups/sycor",
            "timeouts": null
          },
          "sensitive_attributes": [],
          "private": "eyJlMmJmYjczMC1lY2FhLTExZTYtOGY4OC0zNDM2M2JjN2M0YzAiOnsiY3JlYXRlIjoxODAwMDAwMDAwMDAwLCJkZWxldGUiOjE4MDAwMDAwMDAwMDAsInJlYWQiOjMwMDAwMDAwMDAwMCwidXBkYXRlIjoxODAwMDAwMDAwMDAwfX0=",
          "dependencies": [
            "azurerm_network_interface.nic",
            "azurerm_network_security_group.sycor",
            "azurerm_public_ip.pip",
            "data.azurerm_resource_group.rg",
            "data.azurerm_subnet.subnet"
          ]
        }
      ]
    },
    {
      "mode": "managed",
      "type": "azurerm_network_security_group",
      "name": "sycor",
      "provider": "provider[\"registry.terraform.io/hashicorp/azurerm\"]",
      "instances": [
        {
          "schema_version": 0,
          "attributes": {
            "id": "/subscriptions/3d6722b2-016f-4600-8522-f561889ae3ad/resourceGroups/PR-DEV-An/providers/Microsoft.Network/networkSecurityGroups/sycor",
            "location": "westeurope",
            "name": "sycor",
            "resource_group_name": "PR-DEV-An",
            "security_rule": [],
            "tags": {
              "environment": "Production"
            },
            "timeouts": null
          },
          "sensitive_attributes": [],
          "private": "eyJlMmJmYjczMC1lY2FhLTExZTYtOGY4OC0zNDM2M2JjN2M0YzAiOnsiY3JlYXRlIjoxODAwMDAwMDAwMDAwLCJkZWxldGUiOjE4MDAwMDAwMDAwMDAsInJlYWQiOjMwMDAwMDAwMDAwMCwidXBkYXRlIjoxODAwMDAwMDAwMDAwfX0=",
          "dependencies": [
            "data.azurerm_resource_group.rg"
          ]
        }
      ]
    },
    {
      "mode": "managed",
      "type": "azurerm_network_security_rule",
      "name": "sycor",
      "provider": "provider[\"registry.terraform.io/hashicorp/azurerm\"]",
      "instances": [
        {
          "index_key": 0,
          "schema_version": 0,
          "attributes": {
            "access": "Allow",
            "description": "",
            "destination_address_prefix": "*",
            "destination_address_prefixes": null,
            "destination_application_security_group_ids": null,
            "destination_port_range": "3389",
            "destination_port_ranges": null,
            "direction": "Inbound",
            "id": "/subscriptions/3d6722b2-016f-4600-8522-f561889ae3ad/resourceGroups/PR-DEV-An/providers/Microsoft.Network/networkSecurityGroups/sycor/securityRules/sg-rule-0",
            "name": "sg-rule-0",
            "network_security_group_name": "sycor",
            "priority": 100,
            "protocol": "Tcp",
            "resource_group_name": "PR-DEV-An",
            "source_address_prefix": "*",
            "source_address_prefixes": null,
            "source_application_security_group_ids": null,
            "source_port_range": "*",
            "source_port_ranges": null,
            "timeouts": null
          },
          "sensitive_attributes": [],
          "private": "eyJlMmJmYjczMC1lY2FhLTExZTYtOGY4OC0zNDM2M2JjN2M0YzAiOnsiY3JlYXRlIjoxODAwMDAwMDAwMDAwLCJkZWxldGUiOjE4MDAwMDAwMDAwMDAsInJlYWQiOjMwMDAwMDAwMDAwMCwidXBkYXRlIjoxODAwMDAwMDAwMDAwfX0=",
          "dependencies": [
            "azurerm_network_security_group.sycor",
            "data.azurerm_resource_group.rg"
          ]
        },
        {
          "index_key": 1,
          "schema_version": 0,
          "attributes": {
            "access": "Allow",
            "description": "",
            "destination_address_prefix": "*",
            "destination_address_prefixes": null,
            "destination_application_security_group_ids": null,
            "destination_port_range": "22",
            "destination_port_ranges": null,
            "direction": "Inbound",
            "id": "/subscriptions/3d6722b2-016f-4600-8522-f561889ae3ad/resourceGroups/PR-DEV-An/providers/Microsoft.Network/networkSecurityGroups/sycor/securityRules/sg-rule-1",
            "name": "sg-rule-1",
            "network_security_group_name": "sycor",
            "priority": 200,
            "protocol": "Tcp",
            "resource_group_name": "PR-DEV-An",
            "source_address_prefix": "*",
            "source_address_prefixes": null,
            "source_application_security_group_ids": null,
            "source_port_range": "*",
            "source_port_ranges": null,
            "timeouts": null
          },
          "sensitive_attributes": [],
          "private": "eyJlMmJmYjczMC1lY2FhLTExZTYtOGY4OC0zNDM2M2JjN2M0YzAiOnsiY3JlYXRlIjoxODAwMDAwMDAwMDAwLCJkZWxldGUiOjE4MDAwMDAwMDAwMDAsInJlYWQiOjMwMDAwMDAwMDAwMCwidXBkYXRlIjoxODAwMDAwMDAwMDAwfX0=",
          "dependencies": [
            "azurerm_network_security_group.sycor",
            "data.azurerm_resource_group.rg"
          ]
        },
        {
          "index_key": 2,
          "schema_version": 0,
          "attributes": {
            "access": "Allow",
            "description": "",
            "destination_address_prefix": "*",
            "destination_address_prefixes": null,
            "destination_application_security_group_ids": null,
            "destination_port_range": "5985",
            "destination_port_ranges": null,
            "direction": "Inbound",
            "id": "/subscriptions/3d6722b2-016f-4600-8522-f561889ae3ad/resourceGroups/PR-DEV-An/providers/Microsoft.Network/networkSecurityGroups/sycor/securityRules/sg-rule-2",
            "name": "sg-rule-2",
            "network_security_group_name": "sycor",
            "priority": 300,
            "protocol": "Tcp",
            "resource_group_name": "PR-DEV-An",
            "source_address_prefix": "*",
            "source_address_prefixes": null,
            "source_application_security_group_ids": null,
            "source_port_range": "*",
            "source_port_ranges": null,
            "timeouts": null
          },
          "sensitive_attributes": [],
          "private": "eyJlMmJmYjczMC1lY2FhLTExZTYtOGY4OC0zNDM2M2JjN2M0YzAiOnsiY3JlYXRlIjoxODAwMDAwMDAwMDAwLCJkZWxldGUiOjE4MDAwMDAwMDAwMDAsInJlYWQiOjMwMDAwMDAwMDAwMCwidXBkYXRlIjoxODAwMDAwMDAwMDAwfX0=",
          "dependencies": [
            "azurerm_network_security_group.sycor",
            "data.azurerm_resource_group.rg"
          ]
        },
        {
          "index_key": 3,
          "schema_version": 0,
          "attributes": {
            "access": "Allow",
            "description": "",
            "destination_address_prefix": "*",
            "destination_address_prefixes": null,
            "destination_application_security_group_ids": null,
            "destination_port_range": "5986",
            "destination_port_ranges": null,
            "direction": "Inbound",
            "id": "/subscriptions/3d6722b2-016f-4600-8522-f561889ae3ad/resourceGroups/PR-DEV-An/providers/Microsoft.Network/networkSecurityGroups/sycor/securityRules/sg-rule-3",
            "name": "sg-rule-3",
            "network_security_group_name": "sycor",
            "priority": 400,
            "protocol": "Tcp",
            "resource_group_name": "PR-DEV-An",
            "source_address_prefix": "*",
            "source_address_prefixes": null,
            "source_application_security_group_ids": null,
            "source_port_range": "*",
            "source_port_ranges": null,
            "timeouts": null
          },
          "sensitive_attributes": [],
          "private": "eyJlMmJmYjczMC1lY2FhLTExZTYtOGY4OC0zNDM2M2JjN2M0YzAiOnsiY3JlYXRlIjoxODAwMDAwMDAwMDAwLCJkZWxldGUiOjE4MDAwMDAwMDAwMDAsInJlYWQiOjMwMDAwMDAwMDAwMCwidXBkYXRlIjoxODAwMDAwMDAwMDAwfX0=",
          "dependencies": [
            "azurerm_network_security_group.sycor",
            "data.azurerm_resource_group.rg"
          ]
        }
      ]
    },
    {
      "mode": "managed",
      "type": "azurerm_public_ip",
      "name": "pip",
      "provider": "provider[\"registry.terraform.io/hashicorp/azurerm\"]",
      "instances": [
        {
          "index_key": "firstVM",
          "schema_version": 0,
          "attributes": {
            "allocation_method": "Dynamic",
            "ddos_protection_mode": "VirtualNetworkInherited",
            "ddos_protection_plan_id": null,
            "domain_name_label": null,
            "edge_zone": "",
            "fqdn": null,
            "id": "/subscriptions/3d6722b2-016f-4600-8522-f561889ae3ad/resourceGroups/PR-DEV-An/providers/Microsoft.Network/publicIPAddresses/firstVM-publicip",
            "idle_timeout_in_minutes": 4,
            "ip_address": "",
            "ip_tags": null,
            "ip_version": "IPv4",
            "location": "westeurope",
            "name": "firstVM-publicip",
            "public_ip_prefix_id": null,
            "resource_group_name": "PR-DEV-An",
            "reverse_fqdn": null,
            "sku": "Basic",
            "sku_tier": "Regional",
            "tags": null,
            "timeouts": null,
            "zones": null
          },
          "sensitive_attributes": [],
          "private": "eyJlMmJmYjczMC1lY2FhLTExZTYtOGY4OC0zNDM2M2JjN2M0YzAiOnsiY3JlYXRlIjoxODAwMDAwMDAwMDAwLCJkZWxldGUiOjE4MDAwMDAwMDAwMDAsInJlYWQiOjMwMDAwMDAwMDAwMCwidXBkYXRlIjoxODAwMDAwMDAwMDAwfX0=",
          "dependencies": [
            "data.azurerm_resource_group.rg"
          ]
        },
        {
          "index_key": "secondVM",
          "schema_version": 0,
          "attributes": {
            "allocation_method": "Dynamic",
            "ddos_protection_mode": "VirtualNetworkInherited",
            "ddos_protection_plan_id": null,
            "domain_name_label": null,
            "edge_zone": "",
            "fqdn": null,
            "id": "/subscriptions/3d6722b2-016f-4600-8522-f561889ae3ad/resourceGroups/PR-DEV-An/providers/Microsoft.Network/publicIPAddresses/secondVM-publicip",
            "idle_timeout_in_minutes": 4,
            "ip_address": "",
            "ip_tags": null,
            "ip_version": "IPv4",
            "location": "westeurope",
            "name": "secondVM-publicip",
            "public_ip_prefix_id": null,
            "resource_group_name": "PR-DEV-An",
            "reverse_fqdn": null,
            "sku": "Basic",
            "sku_tier": "Regional",
            "tags": null,
            "timeouts": null,
            "zones": null
          },
          "sensitive_attributes": [],
          "private": "eyJlMmJmYjczMC1lY2FhLTExZTYtOGY4OC0zNDM2M2JjN2M0YzAiOnsiY3JlYXRlIjoxODAwMDAwMDAwMDAwLCJkZWxldGUiOjE4MDAwMDAwMDAwMDAsInJlYWQiOjMwMDAwMDAwMDAwMCwidXBkYXRlIjoxODAwMDAwMDAwMDAwfX0=",
          "dependencies": [
            "data.azurerm_resource_group.rg"
          ]
        }
      ]
    },
    {
      "mode": "managed",
      "type": "azurerm_virtual_machine_data_disk_attachment",
      "name": "data_disk_attachment",
      "provider": "provider[\"registry.terraform.io/hashicorp/azurerm\"]",
      "instances": [
        {
          "index_key": "vm1_datadisk",
          "schema_version": 0,
          "attributes": {
            "caching": "ReadWrite",
            "create_option": "Attach",
            "id": "/subscriptions/3d6722b2-016f-4600-8522-f561889ae3ad/resourceGroups/PR-DEV-An/providers/Microsoft.Compute/virtualMachines/firstVM/dataDisks/vm1_datadisk_data_disk0",
            "lun": 0,
            "managed_disk_id": "/subscriptions/3d6722b2-016f-4600-8522-f561889ae3ad/resourceGroups/PR-DEV-An/providers/Microsoft.Compute/disks/vm1_datadisk_data_disk0",
            "timeouts": null,
            "virtual_machine_id": "/subscriptions/3d6722b2-016f-4600-8522-f561889ae3ad/resourceGroups/PR-DEV-An/providers/Microsoft.Compute/virtualMachines/firstVM",
            "write_accelerator_enabled": false
          },
          "sensitive_attributes": [],
          "private": "eyJlMmJmYjczMC1lY2FhLTExZTYtOGY4OC0zNDM2M2JjN2M0YzAiOnsiY3JlYXRlIjoxODAwMDAwMDAwMDAwLCJkZWxldGUiOjE4MDAwMDAwMDAwMDAsInJlYWQiOjMwMDAwMDAwMDAwMCwidXBkYXRlIjoxODAwMDAwMDAwMDAwfX0=",
          "dependencies": [
            "azurerm_managed_disk.data_disk",
            "azurerm_network_interface.nic",
            "azurerm_public_ip.pip",
            "azurerm_windows_virtual_machine.vm",
            "data.azurerm_resource_group.rg",
            "data.azurerm_subnet.subnet"
          ]
        },
        {
          "index_key": "vm1_datadisk2",
          "schema_version": 0,
          "attributes": {
            "caching": "ReadWrite",
            "create_option": "Attach",
            "id": "/subscriptions/3d6722b2-016f-4600-8522-f561889ae3ad/resourceGroups/PR-DEV-An/providers/Microsoft.Compute/virtualMachines/firstVM/dataDisks/vm1_datadisk2_data_disk1",
            "lun": 1,
            "managed_disk_id": "/subscriptions/3d6722b2-016f-4600-8522-f561889ae3ad/resourceGroups/PR-DEV-An/providers/Microsoft.Compute/disks/vm1_datadisk2_data_disk1",
            "timeouts": null,
            "virtual_machine_id": "/subscriptions/3d6722b2-016f-4600-8522-f561889ae3ad/resourceGroups/PR-DEV-An/providers/Microsoft.Compute/virtualMachines/firstVM",
            "write_accelerator_enabled": false
          },
          "sensitive_attributes": [],
          "private": "eyJlMmJmYjczMC1lY2FhLTExZTYtOGY4OC0zNDM2M2JjN2M0YzAiOnsiY3JlYXRlIjoxODAwMDAwMDAwMDAwLCJkZWxldGUiOjE4MDAwMDAwMDAwMDAsInJlYWQiOjMwMDAwMDAwMDAwMCwidXBkYXRlIjoxODAwMDAwMDAwMDAwfX0=",
          "dependencies": [
            "azurerm_managed_disk.data_disk",
            "azurerm_network_interface.nic",
            "azurerm_public_ip.pip",
            "azurerm_windows_virtual_machine.vm",
            "data.azurerm_resource_group.rg",
            "data.azurerm_subnet.subnet"
          ]
        }
      ]
    },
    {
      "mode": "managed",
      "type": "azurerm_virtual_machine_extension",
      "name": "sy",
      "provider": "provider[\"registry.terraform.io/hashicorp/azurerm\"]",
      "instances": [
        {
          "index_key": "firstVM",
          "schema_version": 0,
          "attributes": {
            "auto_upgrade_minor_version": false,
            "automatic_upgrade_enabled": false,
            "failure_suppression_enabled": false,
            "id": "/subscriptions/3d6722b2-016f-4600-8522-f561889ae3ad/resourceGroups/PR-DEV-An/providers/Microsoft.Compute/virtualMachines/firstVM/extensions/firstVM",
            "name": "firstVM",
            "protected_settings": "    {\r\n      \"commandToExecute\": \"powershell -ExecutionPolicy Unrestricted -File noDC.ps1\",\r\n      \"storageAccountName\": \"ta4naya\",\r\n      \"storageAccountKey\": \"u7IXu8Ar/8mplB3RJnmPFCGDX+rOF7zlnA4IlHlRzsenkBDffkvAm2aaXpZEBo+qk5dr0UeVitRi+AStWuBDCw==\"\r\n    }\r\n",
            "protected_settings_from_key_vault": [],
            "publisher": "Microsoft.Compute",
            "settings": "{\"fileUris\":[\"https://ta4naya.blob.core.windows.net/scripts/noDC.ps1\"]}",
            "tags": null,
            "timeouts": null,
            "type": "CustomScriptExtension",
            "type_handler_version": "1.9",
            "virtual_machine_id": "/subscriptions/3d6722b2-016f-4600-8522-f561889ae3ad/resourceGroups/PR-DEV-An/providers/Microsoft.Compute/virtualMachines/firstVM"
          },
          "sensitive_attributes": [],
          "private": "eyJlMmJmYjczMC1lY2FhLTExZTYtOGY4OC0zNDM2M2JjN2M0YzAiOnsiY3JlYXRlIjoxODAwMDAwMDAwMDAwLCJkZWxldGUiOjE4MDAwMDAwMDAwMDAsInJlYWQiOjMwMDAwMDAwMDAwMCwidXBkYXRlIjoxODAwMDAwMDAwMDAwfX0=",
          "dependencies": [
            "azurerm_network_interface.nic",
            "azurerm_public_ip.pip",
            "azurerm_windows_virtual_machine.vm",
            "data.azurerm_resource_group.rg",
            "data.azurerm_subnet.subnet"
          ]
        },
        {
          "index_key": "secondVM",
          "schema_version": 0,
          "attributes": {
            "auto_upgrade_minor_version": false,
            "automatic_upgrade_enabled": false,
            "failure_suppression_enabled": false,
            "id": "/subscriptions/3d6722b2-016f-4600-8522-f561889ae3ad/resourceGroups/PR-DEV-An/providers/Microsoft.Compute/virtualMachines/secondVM/extensions/secondVM",
            "name": "secondVM",
            "protected_settings": "    {\r\n      \"commandToExecute\": \"powershell -ExecutionPolicy Unrestricted -File noDC.ps1\",\r\n      \"storageAccountName\": \"ta4naya\",\r\n      \"storageAccountKey\": \"u7IXu8Ar/8mplB3RJnmPFCGDX+rOF7zlnA4IlHlRzsenkBDffkvAm2aaXpZEBo+qk5dr0UeVitRi+AStWuBDCw==\"\r\n    }\r\n",
            "protected_settings_from_key_vault": [],
            "publisher": "Microsoft.Compute",
            "settings": "{\"fileUris\":[\"https://ta4naya.blob.core.windows.net/scripts/noDC.ps1\"]}",
            "tags": null,
            "timeouts": null,
            "type": "CustomScriptExtension",
            "type_handler_version": "1.9",
            "virtual_machine_id": "/subscriptions/3d6722b2-016f-4600-8522-f561889ae3ad/resourceGroups/PR-DEV-An/providers/Microsoft.Compute/virtualMachines/secondVM"
          },
          "sensitive_attributes": [],
          "private": "eyJlMmJmYjczMC1lY2FhLTExZTYtOGY4OC0zNDM2M2JjN2M0YzAiOnsiY3JlYXRlIjoxODAwMDAwMDAwMDAwLCJkZWxldGUiOjE4MDAwMDAwMDAwMDAsInJlYWQiOjMwMDAwMDAwMDAwMCwidXBkYXRlIjoxODAwMDAwMDAwMDAwfX0=",
          "dependencies": [
            "azurerm_network_interface.nic",
            "azurerm_public_ip.pip",
            "azurerm_windows_virtual_machine.vm",
            "data.azurerm_resource_group.rg",
            "data.azurerm_subnet.subnet"
          ]
        }
      ]
    },
    {
      "mode": "managed",
      "type": "azurerm_windows_virtual_machine",
      "name": "vm",
      "provider": "provider[\"registry.terraform.io/hashicorp/azurerm\"]",
      "instances": [
        {
          "index_key": "firstVM",
          "schema_version": 0,
          "attributes": {
            "additional_capabilities": [],
            "additional_unattend_content": [],
            "admin_password": "SuperSecretPassword1",
            "admin_username": "adminUsername",
            "allow_extension_operations": true,
            "availability_set_id": "",
            "boot_diagnostics": [],
            "capacity_reservation_group_id": "",
            "computer_name": "firstVM",
            "custom_data": null,
            "dedicated_host_group_id": "",
            "dedicated_host_id": "",
            "edge_zone": "",
            "enable_automatic_updates": true,
            "encryption_at_host_enabled": false,
            "eviction_policy": "",
            "extensions_time_budget": "PT1H30M",
            "gallery_application": [],
            "hotpatching_enabled": false,
            "id": "/subscriptions/3d6722b2-016f-4600-8522-f561889ae3ad/resourceGroups/PR-DEV-An/providers/Microsoft.Compute/virtualMachines/firstVM",
            "identity": [],
            "license_type": "",
            "location": "westeurope",
            "max_bid_price": -1,
            "name": "firstVM",
            "network_interface_ids": [
              "/subscriptions/3d6722b2-016f-4600-8522-f561889ae3ad/resourceGroups/PR-DEV-An/providers/Microsoft.Network/networkInterfaces/firstVM-nic"
            ],
            "os_disk": [
              {
                "caching": "ReadWrite",
                "diff_disk_settings": [],
                "disk_encryption_set_id": "",
                "disk_size_gb": 128,
                "name": "firstVM_disk1_cdfc027582844fbbb7c2a8844024f51d",
                "secure_vm_disk_encryption_set_id": "",
                "security_encryption_type": "",
                "storage_account_type": "StandardSSD_LRS",
                "write_accelerator_enabled": false
              }
            ],
            "patch_assessment_mode": "ImageDefault",
            "patch_mode": "AutomaticByOS",
            "plan": [],
            "platform_fault_domain": -1,
            "priority": "Regular",
            "private_ip_address": "10.9.0.4",
            "private_ip_addresses": [
              "10.9.0.4"
            ],
            "provision_vm_agent": true,
            "proximity_placement_group_id": "",
            "public_ip_address": "20.16.185.141",
            "public_ip_addresses": [
              "20.16.185.141"
            ],
            "resource_group_name": "PR-DEV-An",
            "secret": [],
            "secure_boot_enabled": false,
            "size": "Standard_D2lds_v5",
            "source_image_id": "",
            "source_image_reference": [
              {
                "offer": "WindowsServer",
                "publisher": "MicrosoftWindowsServer",
                "sku": "2022-datacenter",
                "version": "latest"
              }
            ],
            "tags": null,
            "termination_notification": null,
            "timeouts": null,
            "timezone": "",
            "user_data": "",
            "virtual_machine_id": "dff3e225-c9b3-4652-bd94-8774f521416f",
            "virtual_machine_scale_set_id": "",
            "vtpm_enabled": false,
            "winrm_listener": [],
            "zone": ""
          },
          "sensitive_attributes": [
            [
              {
                "type": "get_attr",
                "value": "admin_password"
              }
            ],
            [
              {
                "type": "get_attr",
                "value": "admin_username"
              }
            ]
          ],
          "private": "eyJlMmJmYjczMC1lY2FhLTExZTYtOGY4OC0zNDM2M2JjN2M0YzAiOnsiY3JlYXRlIjoyNzAwMDAwMDAwMDAwLCJkZWxldGUiOjI3MDAwMDAwMDAwMDAsInJlYWQiOjMwMDAwMDAwMDAwMCwidXBkYXRlIjoyNzAwMDAwMDAwMDAwfX0=",
          "dependencies": [
            "azurerm_network_interface.nic",
            "azurerm_public_ip.pip",
            "data.azurerm_resource_group.rg",
            "data.azurerm_subnet.subnet"
          ]
        },
        {
          "index_key": "secondVM",
          "schema_version": 0,
          "attributes": {
            "additional_capabilities": [],
            "additional_unattend_content": [],
            "admin_password": "SuperSecretPassword1",
            "admin_username": "adminUsername",
            "allow_extension_operations": true,
            "availability_set_id": "",
            "boot_diagnostics": [],
            "capacity_reservation_group_id": "",
            "computer_name": "secondVM",
            "custom_data": null,
            "dedicated_host_group_id": "",
            "dedicated_host_id": "",
            "edge_zone": "",
            "enable_automatic_updates": true,
            "encryption_at_host_enabled": false,
            "eviction_policy": "",
            "extensions_time_budget": "PT1H30M",
            "gallery_application": [],
            "hotpatching_enabled": false,
            "id": "/subscriptions/3d6722b2-016f-4600-8522-f561889ae3ad/resourceGroups/PR-DEV-An/providers/Microsoft.Compute/virtualMachines/secondVM",
            "identity": [],
            "license_type": "",
            "location": "westeurope",
            "max_bid_price": -1,
            "name": "secondVM",
            "network_interface_ids": [
              "/subscriptions/3d6722b2-016f-4600-8522-f561889ae3ad/resourceGroups/PR-DEV-An/providers/Microsoft.Network/networkInterfaces/secondVM-nic"
            ],
            "os_disk": [
              {
                "caching": "ReadWrite",
                "diff_disk_settings": [],
                "disk_encryption_set_id": "",
                "disk_size_gb": 128,
                "name": "secondVM_disk1_5bc76e8502034834a84f1e486cacc26a",
                "secure_vm_disk_encryption_set_id": "",
                "security_encryption_type": "",
                "storage_account_type": "StandardSSD_LRS",
                "write_accelerator_enabled": false
              }
            ],
            "patch_assessment_mode": "ImageDefault",
            "patch_mode": "AutomaticByOS",
            "plan": [],
            "platform_fault_domain": -1,
            "priority": "Regular",
            "private_ip_address": "10.9.0.5",
            "private_ip_addresses": [
              "10.9.0.5"
            ],
            "provision_vm_agent": true,
            "proximity_placement_group_id": "",
            "public_ip_address": "20.16.185.127",
            "public_ip_addresses": [
              "20.16.185.127"
            ],
            "resource_group_name": "PR-DEV-An",
            "secret": [],
            "secure_boot_enabled": false,
            "size": "Standard_D2lds_v5",
            "source_image_id": "",
            "source_image_reference": [
              {
                "offer": "WindowsServer",
                "publisher": "MicrosoftWindowsServer",
                "sku": "2022-datacenter",
                "version": "latest"
              }
            ],
            "tags": null,
            "termination_notification": null,
            "timeouts": null,
            "timezone": "",
            "user_data": "",
            "virtual_machine_id": "d7b4ea4c-362e-405d-8ac0-e60c22d64a00",
            "virtual_machine_scale_set_id": "",
            "vtpm_enabled": false,
            "winrm_listener": [],
            "zone": ""
          },
          "sensitive_attributes": [
            [
              {
                "type": "get_attr",
                "value": "admin_username"
              }
            ],
            [
              {
                "type": "get_attr",
                "value": "admin_password"
              }
            ]
          ],
          "private": "eyJlMmJmYjczMC1lY2FhLTExZTYtOGY4OC0zNDM2M2JjN2M0YzAiOnsiY3JlYXRlIjoyNzAwMDAwMDAwMDAwLCJkZWxldGUiOjI3MDAwMDAwMDAwMDAsInJlYWQiOjMwMDAwMDAwMDAwMCwidXBkYXRlIjoyNzAwMDAwMDAwMDAwfX0=",
          "dependencies": [
            "azurerm_network_interface.nic",
            "azurerm_public_ip.pip",
            "data.azurerm_resource_group.rg",
            "data.azurerm_subnet.subnet"
          ]
        }
      ]
    },
    {
      "mode": "managed",
      "type": "null_resource",
      "name": "install",
      "provider": "provider[\"registry.terraform.io/hashicorp/null\"]",
      "instances": [
        {
          "schema_version": 0,
          "attributes": {
            "id": "7619650413121341836",
            "triggers": null
          },
          "sensitive_attributes": [],
          "dependencies": [
            "azurerm_network_interface.nic",
            "azurerm_public_ip.pip",
            "azurerm_virtual_machine_extension.sy",
            "azurerm_windows_virtual_machine.vm",
            "data.azurerm_public_ip.pip",
            "data.azurerm_resource_group.rg",
            "data.azurerm_subnet.subnet",
            "null_resource.prepare_ini"
          ]
        }
      ]
    },
    {
      "mode": "managed",
      "type": "null_resource",
      "name": "prepare_ini",
      "provider": "provider[\"registry.terraform.io/hashicorp/null\"]",
      "instances": [
        {
          "index_key": "firstVM",
          "schema_version": 0,
          "attributes": {
            "id": "8398918589907034193",
            "triggers": null
          },
          "sensitive_attributes": [],
          "dependencies": [
            "azurerm_network_interface.nic",
            "azurerm_public_ip.pip",
            "azurerm_virtual_machine_extension.sy",
            "azurerm_windows_virtual_machine.vm",
            "data.azurerm_public_ip.pip",
            "data.azurerm_resource_group.rg",
            "data.azurerm_subnet.subnet"
          ]
        },
        {
          "index_key": "secondVM",
          "schema_version": 0,
          "attributes": {
            "id": "5967883544432432326",
            "triggers": null
          },
          "sensitive_attributes": [],
          "dependencies": [
            "azurerm_network_interface.nic",
            "azurerm_public_ip.pip",
            "azurerm_virtual_machine_extension.sy",
            "azurerm_windows_virtual_machine.vm",
            "data.azurerm_public_ip.pip",
            "data.azurerm_resource_group.rg",
            "data.azurerm_subnet.subnet"
          ]
        }
      ]
    }
  ],
  "check_results": null
}
